Microsoft Visual Studio Solution File, Format Version 12.00
# Visual Studio Version 17
VisualStudioVersion = 17.5.2.0
MinimumVisualStudioVersion = 10.0.40219.1
Project("{FAE04EC0-301F-11D3-BF4B-00C04F79EFBC}") = "CozyComfort.API", "CozyComfort.API\CozyComfort.API.csproj", "{4FBA8AC6-CF49-3983-DD72-908A46267E83}"
EndProject
Global
	GlobalSection(SolutionConfigurationPlatforms) = preSolution
		Debug|Any CPU = Debug|Any CPU
		Release|Any CPU = Release|Any CPU
	EndGlobalSection
	GlobalSection(ProjectConfigurationPlatforms) = postSolution
		{4FBA8AC6-CF49-3983-DD72-908A46267E83}.Debug|Any CPU.ActiveCfg = Debug|Any CPU
		{4FBA8AC6-CF49-3983-DD72-908A46267E83}.Debug|Any CPU.Build.0 = Debug|Any CPU
		{4FBA8AC6-CF49-3983-DD72-908A46267E83}.Release|Any CPU.ActiveCfg = Release|Any CPU
		{4FBA8AC6-CF49-3983-DD72-908A46267E83}.Release|Any CPU.Build.0 = Release|Any CPU
	EndGlobalSection
	GlobalSection(SolutionProperties) = preSolution
		HideSolutionNode = FALSE
	EndGlobalSection
	GlobalSection(ExtensibilityGlobals) = postSolution
		SolutionGuid = {166BD771-485D-40E4-A206-695E8929D09B}
	EndGlobalSection
EndGlobal
